
Microsoft Visual Studio Solution File, Format Version 12.00
# Visual Studio Version 17
VisualStudioVersion = 17.7.34202.233
MinimumVisualStudioVersion = 10.0.40219.1
Project("{FAE04EC0-301F-11D3-BF4B-00C04F79EFBC}") = "Paruppgift_e-handel", "Paruppgift_e-handel.csproj", "{6BEF99E8-733F-4456-8700-657620D73209}"
EndProject
Global
	GlobalSection(SolutionConfigurationPlatforms) = preSolution
		Debug|Any CPU = Debug|Any CPU
		Release|Any CPU = Release|Any CPU
	EndGlobalSection
	GlobalSection(ProjectConfigurationPlatforms) = postSolution
		{6BEF99E8-733F-4456-8700-657620D73209}.Debug|Any CPU.ActiveCfg = Debug|Any CPU
		{6BEF99E8-733F-4456-8700-657620D73209}.Debug|Any CPU.Build.0 = Debug|Any CPU
		{6BEF99E8-733F-4456-8700-657620D73209}.Release|Any CPU.ActiveCfg = Release|Any CPU
		{6BEF99E8-733F-4456-8700-657620D73209}.Release|Any CPU.Build.0 = Release|Any CPU
	EndGlobalSection
	GlobalSection(SolutionProperties) = preSolution
		HideSolutionNode = FALSE
	EndGlobalSection
	GlobalSection(ExtensibilityGlobals) = postSolution
		SolutionGuid = {6C75962F-3E10-45F0-BCA3-CD8FACB81D69}
	EndGlobalSection
EndGlobal
